// !$*UTF8*$!
{
	archiveVersion = 1;
	classes = {
	};
	objectVersion = 46;
	objects = {

/* Begin PBXBuildFile section */
		51C6B4C57DC9487586B6C517 /* libPods-InstaPhoto.a in Frameworks */ = {isa = PBXBuildFile; fileRef = B7FE0EB008330BC074C63E33 /* libPods-InstaPhoto.a */; };
		7D0A8C7B1F62C8AA009B6AEE /* main.m in Sources */ = {isa = PBXBuildFile; fileRef = 7D0A8C7A1F62C8AA009B6AEE /* main.m */; };
		7D0A8C7E1F62C8AA009B6AEE /* AppDelegate.m in Sources */ = {isa = PBXBuildFile; fileRef = 7D0A8C7D1F62C8AA009B6AEE /* AppDelegate.m */; };
		7D0A8C811F62C8AA009B6AEE /* ViewController.m in Sources */ = {isa = PBXBuildFile; fileRef = 7D0A8C801F62C8AA009B6AEE /* ViewController.m */; };
		7D0A8C841F62C8AA009B6AEE /* Main.storyboard in Resources */ = {isa = PBXBuildFile; fileRef = 7D0A8C821F62C8AA009B6AEE /* Main.storyboard */; };
		7D0A8C891F62C8AA009B6AEE /* LaunchScreen.storyboard in Resources */ = {isa = PBXBuildFile; fileRef = 7D0A8C871F62C8AA009B6AEE /* LaunchScreen.storyboard */; };
		7D0A8C921F62D16A009B6AEE /* FeedViewController.m in Sources */ = {isa = PBXBuildFile; fileRef = 7D0A8C911F62D16A009B6AEE /* FeedViewController.m */; };
		7D0A8C951F62D211009B6AEE /* FavoritesViewController.m in Sources */ = {isa = PBXBuildFile; fileRef = 7D0A8C941F62D211009B6AEE /* FavoritesViewController.m */; };
		7D0A8C981F62D879009B6AEE /* ProfileViewController.m in Sources */ = {isa = PBXBuildFile; fileRef = 7D0A8C971F62D879009B6AEE /* ProfileViewController.m */; };
		7DBC9ADE1F63554F00AB9723 /* Assets.xcassets in Resources */ = {isa = PBXBuildFile; fileRef = 7DBC9ADD1F63554F00AB9723 /* Assets.xcassets */; };
		7DBC9AE11F643D4800AB9723 /* FeedTableViewController.m in Sources */ = {isa = PBXBuildFile; fileRef = 7DBC9AE01F643D4800AB9723 /* FeedTableViewController.m */; };
		7DBC9AE41F6465A900AB9723 /* PhotoViewController.m in Sources */ = {isa = PBXBuildFile; fileRef = 7DBC9AE31F6465A800AB9723 /* PhotoViewController.m */; };
/* End PBXBuildFile section */

/* Begin PBXFileReference section */
		187F3AB13091E466425CA6A2 /* Pods-InstaPhoto.release.xcconfig */ = {isa = PBXFileReference; includeInIndex = 1; lastKnownFileType = text.xcconfig; name = "Pods-InstaPhoto.release.xcconfig"; path = "Pods/Target Support Files/Pods-InstaPhoto/Pods-InstaPhoto.release.xcconfig"; sourceTree = "<group>"; };
		7D0A8C761F62C8AA009B6AEE /* InstaPhoto.app */ = {isa = PBXFileReference; explicitFileType = wrapper.application; includeInIndex = 0; path = InstaPhoto.app; sourceTree = BUILT_PRODUCTS_DIR; };
		7D0A8C7A1F62C8AA009B6AEE /* main.m */ = {isa = PBXFileReference; lastKnownFileType = sourcecode.c.objc; path = main.m; sourceTree = "<group>"; };
		7D0A8C7C1F62C8AA009B6AEE /* AppDelegate.h */ = {isa = PBXFileReference; lastKnownFileType = sourcecode.c.h; path = AppDelegate.h; sourceTree = "<group>"; };
		7D0A8C7D1F62C8AA009B6AEE /* AppDelegate.m */ = {isa = PBXFileReference; lastKnownFileType = sourcecode.c.objc; path = AppDelegate.m; sourceTree = "<group>"; };
		7D0A8C7F1F62C8AA009B6AEE /* ViewController.h */ = {isa = PBXFileReference; lastKnownFileType = sourcecode.c.h; path = ViewController.h; sourceTree = "<group>"; };
		7D0A8C801F62C8AA009B6AEE /* ViewController.m */ = {isa = PBXFileReference; lastKnownFileType = sourcecode.c.objc; path = ViewController.m; sourceTree = "<group>"; };
		7D0A8C831F62C8AA009B6AEE /* Base */ = {isa = PBXFileReference; lastKnownFileType = file.storyboard; name = Base; path = Base.lproj/Main.storyboard; sourceTree = "<group>"; };
		7D0A8C881F62C8AA009B6AEE /* Base */ = {isa = PBXFileReference; lastKnownFileType = file.storyboard; name = Base; path = Base.lproj/LaunchScreen.storyboard; sourceTree = "<group>"; };
		7D0A8C8A1F62C8AA009B6AEE /* Info.plist */ = {isa = PBXFileReference; lastKnownFileType = text.plist.xml; path = Info.plist; sourceTree = "<group>"; };
		7D0A8C901F62D16A009B6AEE /* FeedViewController.h */ = {isa = PBXFileReference; fileEncoding = 4; lastKnownFileType = sourcecode.c.h; path = FeedViewController.h; sourceTree = "<group>"; };
		7D0A8C911F62D16A009B6AEE /* FeedViewController.m */ = {isa = PBXFileReference; fileEncoding = 4; lastKnownFileType = sourcecode.c.objc; path = FeedViewController.m; sourceTree = "<group>"; };
		7D0A8C931F62D211009B6AEE /* FavoritesViewController.h */ = {isa = PBXFileReference; fileEncoding = 4; lastKnownFileType = sourcecode.c.h; path = FavoritesViewController.h; sourceTree = "<group>"; };
		7D0A8C941F62D211009B6AEE /* FavoritesViewController.m */ = {isa = PBXFileReference; fileEncoding = 4; lastKnownFileType = sourcecode.c.objc; path = FavoritesViewController.m; sourceTree = "<group>"; };
		7D0A8C961F62D879009B6AEE /* ProfileViewController.h */ = {isa = PBXFileReference; fileEncoding = 4; lastKnownFileType = sourcecode.c.h; path = ProfileViewController.h; sourceTree = "<group>"; };
		7D0A8C971F62D879009B6AEE /* ProfileViewController.m */ = {isa = PBXFileReference; fileEncoding = 4; lastKnownFileType = sourcecode.c.objc; path = ProfileViewController.m; sourceTree = "<group>"; };
		7DBC9ADD1F63554F00AB9723 /* Assets.xcassets */ = {isa = PBXFileReference; lastKnownFileType = folder.assetcatalog; path = Assets.xcassets; sourceTree = "<group>"; };
		7DBC9ADF1F643D4800AB9723 /* FeedTableViewController.h */ = {isa = PBXFileReference; fileEncoding = 4; lastKnownFileType = sourcecode.c.h; path = FeedTableViewController.h; sourceTree = "<group>"; };
		7DBC9AE01F643D4800AB9723 /* FeedTableViewController.m */ = {isa = PBXFileReference; fileEncoding = 4; lastKnownFileType = sourcecode.c.objc; path = FeedTableViewController.m; sourceTree = "<group>"; };
		7DBC9AE21F6465A800AB9723 /* PhotoViewController.h */ = {isa = PBXFileReference; fileEncoding = 4; lastKnownFileType = sourcecode.c.h; path = PhotoViewController.h; sourceTree = "<group>"; };
		7DBC9AE31F6465A800AB9723 /* PhotoViewController.m */ = {isa = PBXFileReference; fileEncoding = 4; lastKnownFileType = sourcecode.c.objc; path = PhotoViewController.m; sourceTree = "<group>"; };
		B7FE0EB008330BC074C63E33 /* libPods-InstaPhoto.a */ = {isa = PBXFileReference; explicitFileType = archive.ar; includeInIndex = 0; path = "libPods-InstaPhoto.a"; sourceTree = BUILT_PRODUCTS_DIR; };
		FDAA8D9CB3708A5A4BC180A5 /* Pods-InstaPhoto.debug.xcconfig */ = {isa = PBXFileReference; includeInIndex = 1; lastKnownFileType = text.xcconfig; name = "Pods-InstaPhoto.debug.xcconfig"; path = "Pods/Target Support Files/Pods-InstaPhoto/Pods-InstaPhoto.debug.xcconfig"; sourceTree = "<group>"; };
/* End PBXFileReference section */

/* Begin PBXFrameworksBuildPhase section */
		7D0A8C731F62C8AA009B6AEE /* Frameworks */ = {
			isa = PBXFrameworksBuildPhase;
			buildActionMask = 2147483647;
			files = (
				51C6B4C57DC9487586B6C517 /* libPods-InstaPhoto.a in Frameworks */,
			);
			runOnlyForDeploymentPostprocessing = 0;
		};
/* End PBXFrameworksBuildPhase section */

/* Begin PBXGroup section */
		7D0A8C6D1F62C8AA009B6AEE = {
			isa = PBXGroup;
			children = (
				7D0A8C781F62C8AA009B6AEE /* InstaPhoto */,
				7D0A8C771F62C8AA009B6AEE /* Products */,
				86D02CB3A3EBB642979B16E8 /* Pods */,
				D262FEAD0268E69B2E6F416F /* Frameworks */,
			);
			sourceTree = "<group>";
		};
		7D0A8C771F62C8AA009B6AEE /* Products */ = {
			isa = PBXGroup;
			children = (
				7D0A8C761F62C8AA009B6AEE /* InstaPhoto.app */,
			);
			name = Products;
			sourceTree = "<group>";
		};
		7D0A8C781F62C8AA009B6AEE /* InstaPhoto */ = {
			isa = PBXGroup;
			children = (
				7D0A8C7C1F62C8AA009B6AEE /* AppDelegate.h */,
				7D0A8C7D1F62C8AA009B6AEE /* AppDelegate.m */,
				7DBC9ADF1F643D4800AB9723 /* FeedTableViewController.h */,
				7DBC9AE01F643D4800AB9723 /* FeedTableViewController.m */,
				7DBC9AE21F6465A800AB9723 /* PhotoViewController.h */,
				7DBC9AE31F6465A800AB9723 /* PhotoViewController.m */,
				7D0A8C961F62D879009B6AEE /* ProfileViewController.h */,
				7D0A8C971F62D879009B6AEE /* ProfileViewController.m */,
				7D0A8C901F62D16A009B6AEE /* FeedViewController.h */,
				7D0A8C911F62D16A009B6AEE /* FeedViewController.m */,
				7D0A8C931F62D211009B6AEE /* FavoritesViewController.h */,
				7D0A8C941F62D211009B6AEE /* FavoritesViewController.m */,
				7D0A8C7F1F62C8AA009B6AEE /* ViewController.h */,
				7D0A8C801F62C8AA009B6AEE /* ViewController.m */,
				7DBC9ADD1F63554F00AB9723 /* Assets.xcassets */,
				7D0A8C821F62C8AA009B6AEE /* Main.storyboard */,
				7D0A8C871F62C8AA009B6AEE /* LaunchScreen.storyboard */,
				7D0A8C8A1F62C8AA009B6AEE /* Info.plist */,
				7D0A8C791F62C8AA009B6AEE /* Supporting Files */,
			);
			path = InstaPhoto;
			sourceTree = "<group>";
		};
		7D0A8C791F62C8AA009B6AEE /* Supporting Files */ = {
			isa = PBXGroup;
			children = (
				7D0A8C7A1F62C8AA009B6AEE /* main.m */,
			);
			name = "Supporting Files";
			sourceTree = "<group>";
		};
		86D02CB3A3EBB642979B16E8 /* Pods */ = {
			isa = PBXGroup;
			children = (
				FDAA8D9CB3708A5A4BC180A5 /* Pods-InstaPhoto.debug.xcconfig */,
				187F3AB13091E466425CA6A2 /* Pods-InstaPhoto.release.xcconfig */,
			);
			name = Pods;
			sourceTree = "<group>";
		};
		D262FEAD0268E69B2E6F416F /* Frameworks */ = {
			isa = PBXGroup;
			children = (
				B7FE0EB008330BC074C63E33 /* libPods-InstaPhoto.a */,
			);
			name = Frameworks;
			sourceTree = "<group>";
		};
/* End PBXGroup section */

/* Begin PBXNativeTarget section */
		7D0A8C751F62C8AA009B6AEE /* InstaPhoto */ = {
			isa = PBXNativeTarget;
			buildConfigurationList = 7D0A8C8D1F62C8AA009B6AEE /* Build configuration list for PBXNativeTarget "InstaPhoto" */;
			buildPhases = (
				83B1358409E52DB11504CABE /* [CP] Check Pods Manifest.lock */,
				7D0A8C721F62C8AA009B6AEE /* Sources */,
				7D0A8C731F62C8AA009B6AEE /* Frameworks */,
				7D0A8C741F62C8AA009B6AEE /* Resources */,
				C0106DE115090AC8B800DA92 /* [CP] Embed Pods Frameworks */,
				BB1F73CC309B74BDF23A06B5 /* [CP] Copy Pods Resources */,
			);
			buildRules = (
			);
			dependencies = (
			);
			name = InstaPhoto;
			productName = InstaPhoto;
			productReference = 7D0A8C761F62C8AA009B6AEE /* InstaPhoto.app */;
			productType = "com.apple.product-type.application";
		};
/* End PBXNativeTarget section */

/* Begin PBXProject section */
		7D0A8C6E1F62C8AA009B6AEE /* Project object */ = {
			isa = PBXProject;
			attributes = {
				LastUpgradeCheck = 0830;
				ORGANIZATIONNAME = "Sebastian Strus";
				TargetAttributes = {
					7D0A8C751F62C8AA009B6AEE = {
						CreatedOnToolsVersion = 8.3.3;
						DevelopmentTeam = 4SL936GBZY;
						ProvisioningStyle = Automatic;
					};
				};
			};
			buildConfigurationList = 7D0A8C711F62C8AA009B6AEE /* Build configuration list for PBXProject "InstaPhoto" */;
			compatibilityVersion = "Xcode 3.2";
			developmentRegion = English;
			hasScannedForEncodings = 0;
			knownRegions = (
				en,
				Base,
			);
			mainGroup = 7D0A8C6D1F62C8AA009B6AEE;
			productRefGroup = 7D0A8C771F62C8AA009B6AEE /* Products */;
			projectDirPath = "";
			projectRoot = "";
			targets = (
				7D0A8C751F62C8AA009B6AEE /* InstaPhoto */,
			);
		};
/* End PBXProject section */

/* Begin PBXResourcesBuildPhase section */
		7D0A8C741F62C8AA009B6AEE /* Resources */ = {
			isa = PBXResourcesBuildPhase;
			buildActionMask = 2147483647;
			files = (
				7D0A8C891F62C8AA009B6AEE /* LaunchScreen.storyboard in Resources */,
				7DBC9ADE1F63554F00AB9723 /* Assets.xcassets in Resources */,
				7D0A8C841F62C8AA009B6AEE /* Main.storyboard in Resources */,
			);
			runOnlyForDeploymentPostprocessing = 0;
		};
/* End PBXResourcesBuildPhase section */

/* Begin PBXShellScriptBuildPhase section */
		83B1358409E52DB11504CABE /* [CP] Check Pods Manifest.lock */ = {
			isa = PBXShellScriptBuildPhase;
			buildActionMask = 2147483647;
			files = (
			);
			inputPaths = (
				"${PODS_PODFILE_DIR_PATH}/Podfile.lock",
				"${PODS_ROOT}/Manifest.lock",
			);
			name = "[CP] Check Pods Manifest.lock";
			outputPaths = (
				"$(DERIVED_FILE_DIR)/Pods-InstaPhoto-checkManifestLockResult.txt",
			);
			runOnlyForDeploymentPostprocessing = 0;
			shellPath = /bin/sh;
			shellScript = "diff \"${PODS_PODFILE_DIR_PATH}/Podfile.lock\" \"${PODS_ROOT}/Manifest.lock\" > /dev/null\nif [ $? != 0 ] ; then\n    # print error to STDERR\n    echo \"error: The sandbox is not in sync with the Podfile.lock. Run 'pod install' or update your CocoaPods installation.\" >&2\n    exit 1\nfi\n# This output is used by Xcode 'outputs' to avoid re-running this script phase.\necho \"SUCCESS\" > \"${SCRIPT_OUTPUT_FILE_0}\"\n";
			showEnvVarsInLog = 0;
		};
		BB1F73CC309B74BDF23A06B5 /* [CP] Copy Pods Resources */ = {
			isa = PBXShellScriptBuildPhase;
			buildActionMask = 2147483647;
			files = (
			);
			inputPaths = (
			);
			name = "[CP] Copy Pods Resources";
			outputPaths = (
			);
			runOnlyForDeploymentPostprocessing = 0;
			shellPath = /bin/sh;
			shellScript = "\"${SRCROOT}/Pods/Target Support Files/Pods-InstaPhoto/Pods-InstaPhoto-resources.sh\"\n";
			showEnvVarsInLog = 0;
		};
		C0106DE115090AC8B800DA92 /* [CP] Embed Pods Frameworks */ = {
			isa = PBXShellScriptBuildPhase;
			buildActionMask = 2147483647;
			files = (
			);
			inputPaths = (
			);
			name = "[CP] Embed Pods Frameworks";
			outputPaths = (
			);
			runOnlyForDeploymentPostprocessing = 0;
			shellPath = /bin/sh;
			shellScript = "\"${SRCROOT}/Pods/Target Support Files/Pods-InstaPhoto/Pods-InstaPhoto-frameworks.sh\"\n";
			showEnvVarsInLog = 0;
		};
/* End PBXShellScriptBuildPhase section */

/* Begin PBXSourcesBuildPhase section */
		7D0A8C721F62C8AA009B6AEE /* Sources */ = {
			isa = PBXSourcesBuildPhase;
			buildActionMask = 2147483647;
			files = (
				7D0A8C951F62D211009B6AEE /* FavoritesViewController.m in Sources */,
				7D0A8C811F62C8AA009B6AEE /* ViewController.m in Sources */,
				7DBC9AE41F6465A900AB9723 /* PhotoViewController.m in Sources */,
				7D0A8C7E1F62C8AA009B6AEE /* AppDelegate.m in Sources */,
				7DBC9AE11F643D4800AB9723 /* FeedTableViewController.m in Sources */,
				7D0A8C921F62D16A009B6AEE /* FeedViewController.m in Sources */,
				7D0A8C981F62D879009B6AEE /* ProfileViewController.m in Sources */,
				7D0A8C7B1F62C8AA009B6AEE /* main.m in Sources */,
			);
			runOnlyForDeploymentPostprocessing = 0;
		};
/* End PBXSourcesBuildPhase section */

/* Begin PBXVariantGroup section */
		7D0A8C821F62C8AA009B6AEE /* Main.storyboard */ = {
			isa = PBXVariantGroup;
			children = (
				7D0A8C831F62C8AA009B6AEE /* Base */,
			);
			name = Main.storyboard;
			sourceTree = "<group>";
		};
		7D0A8C871F62C8AA009B6AEE /* LaunchScreen.storyboard */ = {
			isa = PBXVariantGroup;
			children = (
				7D0A8C881F62C8AA009B6AEE /* Base */,
			);
			name = LaunchScreen.storyboard;
			sourceTree = "<group>";
		};
/* End PBXVariantGroup section */

/* Begin XCBuildConfiguration section */
		7D0A8C8B1F62C8AA009B6AEE /* Debug */ = {
			isa = XCBuildConfiguration;
			buildSettings = {
				ALWAYS_SEARCH_USER_PATHS = NO;
				CLANG_ANALYZER_NONNULL = YES;
				CLANG_ANALYZER_NUMBER_OBJECT_CONVERSION = YES_AGGRESSIVE;
				CLANG_CXX_LANGUAGE_STANDARD = "gnu++0x";
				CLANG_CXX_LIBRARY = "libc++";
				CLANG_ENABLE_MODULES = YES;
				CLANG_ENABLE_OBJC_ARC = YES;
				CLANG_WARN_BOOL_CONVERSION = YES;
				CLANG_WARN_CONSTANT_CONVERSION = YES;
				CLANG_WARN_DIRECT_OBJC_ISA_USAGE = YES_ERROR;
				CLANG_WARN_DOCUMENTATION_COMMENTS = YES;
				CLANG_WARN_EMPTY_BODY = YES;
				CLANG_WARN_ENUM_CONVERSION = YES;
				CLANG_WARN_INFINITE_RECURSION = YES;
				CLANG_WARN_INT_CONVERSION = YES;
				CLANG_WARN_OBJC_ROOT_CLASS = YES_ERROR;
				CLANG_WARN_SUSPICIOUS_MOVE = YES;
				CLANG_WARN_UNREACHABLE_CODE = YES;
				CLANG_WARN__DUPLICATE_METHOD_MATCH = YES;
				"CODE_SIGN_IDENTITY[sdk=iphoneos*]" = "iPhone Developer";
				COPY_PHASE_STRIP = NO;
				DEBUG_INFORMATION_FORMAT = dwarf;
				ENABLE_STRICT_OBJC_MSGSEND = YES;
				ENABLE_TESTABILITY = YES;
				GCC_C_LANGUAGE_STANDARD = gnu99;
				GCC_DYNAMIC_NO_PIC = NO;
				GCC_NO_COMMON_BLOCKS = YES;
				GCC_OPTIMIZATION_LEVEL = 0;
				GCC_PREPROCESSOR_DEFINITIONS = (
					"DEBUG=1",
					"$(inherited)",
				);
				GCC_WARN_64_TO_32_BIT_CONVERSION = YES;
				GCC_WARN_ABOUT_RETURN_TYPE = YES_ERROR;
				GCC_WARN_UNDECLARED_SELECTOR = YES;
				GCC_WARN_UNINITIALIZED_AUTOS = YES_AGGRESSIVE;
				GCC_WARN_UNUSED_FUNCTION = YES;
				GCC_WARN_UNUSED_VARIABLE = YES;
				IPHONEOS_DEPLOYMENT_TARGET = 10.3;
				MTL_ENABLE_DEBUG_INFO = YES;
				ONLY_ACTIVE_ARCH = YES;
				SDKROOT = iphoneos;
			};
			name = Debug;
		};
		7D0A8C8C1F62C8AA009B6AEE /* Release */ = {
			isa = XCBuildConfiguration;
			buildSettings = {
				ALWAYS_SEARCH_USER_PATHS = NO;
				CLANG_ANALYZER_NONNULL = YES;
				CLANG_ANALYZER_NUMBER_OBJECT_CONVERSION = YES_AGGRESSIVE;
				CLANG_CXX_LANGUAGE_STANDARD = "gnu++0x";
				CLANG_CXX_LIBRARY = "libc++";
				CLANG_ENABLE_MODULES = YES;
				CLANG_ENABLE_OBJC_ARC = YES;
				CLANG_WARN_BOOL_CONVERSION = YES;
				CLANG_WARN_CONSTANT_CONVERSION = YES;
				CLANG_WARN_DIRECT_OBJC_ISA_USAGE = YES_ERROR;
				CLANG_WARN_DOCUMENTATION_COMMENTS = YES;
				CLANG_WARN_EMPTY_BODY = YES;
				CLANG_WARN_ENUM_CONVERSION = YES;
				CLANG_WARN_INFINITE_RECURSION = YES;
				CLANG_WARN_INT_CONVERSION = YES;
				CLANG_WARN_OBJC_ROOT_CLASS = YES_ERROR;
				CLANG_WARN_SUSPICIOUS_MOVE = YES;
				CLANG_WARN_UNREACHABLE_CODE = YES;
				CLANG_WARN__DUPLICATE_METHOD_MATCH = YES;
				"CODE_SIGN_IDENTITY[sdk=iphoneos*]" = "iPhone Developer";
				COPY_PHASE_STRIP = NO;
				DEBUG_INFORMATION_FORMAT = "dwarf-with-dsym";
				ENABLE_NS_ASSERTIONS = NO;
				ENABLE_STRICT_OBJC_MSGSEND = YES;
				GCC_C_LANGUAGE_STANDARD = gnu99;
				GCC_NO_COMMON_BLOCKS = YES;
				GCC_WARN_64_TO_32_BIT_CONVERSION = YES;
				GCC_WARN_ABOUT_RETURN_TYPE = YES_ERROR;
				GCC_WARN_UNDECLARED_SELECTOR = YES;
				GCC_WARN_UNINITIALIZED_AUTOS = YES_AGGRESSIVE;
				GCC_WARN_UNUSED_FUNCTION = YES;
				GCC_WARN_UNUSED_VARIABLE = YES;
				IPHONEOS_DEPLOYMENT_TARGET = 10.3;
				MTL_ENABLE_DEBUG_INFO = NO;
				SDKROOT = iphoneos;
				VALIDATE_PRODUCT = YES;
			};
			name = Release;
		};
		7D0A8C8E1F62C8AA009B6AEE /* Debug */ = {
			isa = XCBuildConfiguration;
			baseConfigurationReference = FDAA8D9CB3708A5A4BC180A5 /* Pods-InstaPhoto.debug.xcconfig */;
			buildSettings = {
				ASSETCATALOG_COMPILER_APPICON_NAME = AppIcon;
				DEVELOPMENT_TEAM = 4SL936GBZY;
				INFOPLIST_FILE = InstaPhoto/Info.plist;
				LD_RUNPATH_SEARCH_PATHS = "$(inherited) @executable_path/Frameworks";
				PRODUCT_BUNDLE_IDENTIFIER = SEB.InstaPhoto;
				PRODUCT_NAME = "$(TARGET_NAME)";
			};
			name = Debug;
		};
		7D0A8C8F1F62C8AA009B6AEE /* Release */ = {
			isa = XCBuildConfiguration;
			baseConfigurationReference = 187F3AB13091E466425CA6A2 /* Pods-InstaPhoto.release.xcconfig */;
			buildSettings = {
				ASSETCATALOG_COMPILER_APPICON_NAME = AppIcon;
				DEVELOPMENT_TEAM = 4SL936GBZY;
				INFOPLIST_FILE = InstaPhoto/Info.plist;
				LD_RUNPATH_SEARCH_PATHS = "$(inherited) @executable_path/Frameworks";
				PRODUCT_BUNDLE_IDENTIFIER = SEB.InstaPhoto;
				PRODUCT_NAME = "$(TARGET_NAME)";
			};
			name = Release;
		};
/* End XCBuildConfiguration section */

/* Begin XCConfigurationList section */
		7D0A8C711F62C8AA009B6AEE /* Build configuration list for PBXProject "InstaPhoto" */ = {
			isa = XCConfigurationList;
			buildConfigurations = (
				7D0A8C8B1F62C8AA009B6AEE /* Debug */,
				7D0A8C8C1F62C8AA009B6AEE /* Release */,
			);
			defaultConfigurationIsVisible = 0;
			defaultConfigurationName = Release;
		};
		7D0A8C8D1F62C8AA009B6AEE /* Build configuration list for PBXNativeTarget "InstaPhoto" */ = {
			isa = XCConfigurationList;
			buildConfigurations = (
				7D0A8C8E1F62C8AA009B6AEE /* Debug */,
				7D0A8C8F1F62C8AA009B6AEE /* Release */,
			);
			defaultConfigurationIsVisible = 0;
			defaultConfigurationName = Release;
		};
/* End XCConfigurationList section */
	};
	rootObject = 7D0A8C6E1F62C8AA009B6AEE /* Project object */;
}
